// !$*UTF8*$!
{
	archiveVersion = 1;
	classes = {
	};
	objectVersion = 46;
	objects = {

/* Begin PBXBuildFile section */
		3AADF04C1A178E400006528F /* libtotalspaces2api.dylib in Frameworks */ = {isa = PBXBuildFile; fileRef = 3AADF04B1A178E400006528F /* libtotalspaces2api.dylib */; };
		3AADF04F1A178E660006528F /* libtotalspaces2api.dylib in CopyFiles */ = {isa = PBXBuildFile; fileRef = 3AADF04B1A178E400006528F /* libtotalspaces2api.dylib */; settings = {ATTRIBUTES = (CodeSignOnCopy, ); }; };
		A0161A381A1628630074FA47 /* boxSub.m in Sources */ = {isa = PBXBuildFile; fileRef = A0161A371A1628630074FA47 /* boxSub.m */; };
		A08B53791A134A2500906D4A /* IndexSub.m in Sources */ = {isa = PBXBuildFile; fileRef = A08B53781A134A2500906D4A /* IndexSub.m */; };
		A08B537F1A14D71B00906D4A /* currentSpace in Resources */ = {isa = PBXBuildFile; fileRef = A08B537E1A14D71B00906D4A /* currentSpace */; };
		A08B53811A14D96400906D4A /* Foundation.framework in Frameworks */ = {isa = PBXBuildFile; fileRef = A08B53801A14D96400906D4A /* Foundation.framework */; };
		A08B53871A1533D900906D4A /* IndexCircleSub.m in Sources */ = {isa = PBXBuildFile; fileRef = A08B53861A1533D900906D4A /* IndexCircleSub.m */; };
		A0E0AC311A1294B800075941 /* AppDelegate.m in Sources */ = {isa = PBXBuildFile; fileRef = A0E0AC301A1294B800075941 /* AppDelegate.m */; };
		A0E0AC331A1294B800075941 /* main.m in Sources */ = {isa = PBXBuildFile; fileRef = A0E0AC321A1294B800075941 /* main.m */; };
		A0E0AC351A1294B800075941 /* Images.xcassets in Resources */ = {isa = PBXBuildFile; fileRef = A0E0AC341A1294B800075941 /* Images.xcassets */; };
		A0E0AC381A1294B800075941 /* MainMenu.xib in Resources */ = {isa = PBXBuildFile; fileRef = A0E0AC361A1294B800075941 /* MainMenu.xib */; };
		A0E0AC441A1294B900075941 /* Space_NotifirTests.m in Sources */ = {isa = PBXBuildFile; fileRef = A0E0AC431A1294B900075941 /* Space_NotifirTests.m */; };
		A0FE4DA61A129B76009DC5D5 /* myWindow.m in Sources */ = {isa = PBXBuildFile; fileRef = A0FE4DA51A129B76009DC5D5 /* myWindow.m */; };
/* End PBXBuildFile section */

/* Begin PBXContainerItemProxy section */
		A0E0AC3E1A1294B900075941 /* PBXContainerItemProxy */ = {
			isa = PBXContainerItemProxy;
			containerPortal = A0E0AC221A1294B800075941 /* Project object */;
			proxyType = 1;
			remoteGlobalIDString = A0E0AC291A1294B800075941;
			remoteInfo = "Space Notifir";
		};
/* End PBXContainerItemProxy section */

/* Begin PBXCopyFilesBuildPhase section */
		3AADF04E1A178E5A0006528F /* CopyFiles */ = {
			isa = PBXCopyFilesBuildPhase;
			buildActionMask = 2147483647;
			dstPath = "";
			dstSubfolderSpec = 10;
			files = (
				3AADF04F1A178E660006528F /* libtotalspaces2api.dylib in CopyFiles */,
			);
			runOnlyForDeploymentPostprocessing = 0;
		};
/* End PBXCopyFilesBuildPhase section */

/* Begin PBXFileReference section */
		3AADF04B1A178E400006528F /* libtotalspaces2api.dylib */ = {isa = PBXFileReference; lastKnownFileType = "compiled.mach-o.dylib"; path = libtotalspaces2api.dylib; sourceTree = "<group>"; };
		3AADF04D1A178E450006528F /* TSLib.h */ = {isa = PBXFileReference; lastKnownFileType = sourcecode.c.h; path = TSLib.h; sourceTree = "<group>"; };
		A0161A361A1628630074FA47 /* boxSub.h */ = {isa = PBXFileReference; fileEncoding = 4; lastKnownFileType = sourcecode.c.h; path = boxSub.h; sourceTree = "<group>"; };
		A0161A371A1628630074FA47 /* boxSub.m */ = {isa = PBXFileReference; fileEncoding = 4; lastKnownFileType = sourcecode.c.objc; path = boxSub.m; sourceTree = "<group>"; };
		A08B53771A134A2500906D4A /* IndexSub.h */ = {isa = PBXFileReference; fileEncoding = 4; lastKnownFileType = sourcecode.c.h; path = IndexSub.h; sourceTree = "<group>"; };
		A08B53781A134A2500906D4A /* IndexSub.m */ = {isa = PBXFileReference; fileEncoding = 4; lastKnownFileType = sourcecode.c.objc; path = IndexSub.m; sourceTree = "<group>"; };
		A08B537E1A14D71B00906D4A /* currentSpace */ = {isa = PBXFileReference; lastKnownFileType = "compiled.mach-o.executable"; path = currentSpace; sourceTree = "<group>"; };
		A08B53801A14D96400906D4A /* Foundation.framework */ = {isa = PBXFileReference; lastKnownFileType = wrapper.framework; name = Foundation.framework; path = System/Library/Frameworks/Foundation.framework; sourceTree = SDKROOT; };
		A08B53851A1533D900906D4A /* IndexCircleSub.h */ = {isa = PBXFileReference; fileEncoding = 4; lastKnownFileType = sourcecode.c.h; path = IndexCircleSub.h; sourceTree = "<group>"; };
		A08B53861A1533D900906D4A /* IndexCircleSub.m */ = {isa = PBXFileReference; fileEncoding = 4; lastKnownFileType = sourcecode.c.objc; path = IndexCircleSub.m; sourceTree = "<group>"; };
		A0E0AC2A1A1294B800075941 /* Space Notifir.app */ = {isa = PBXFileReference; explicitFileType = wrapper.application; includeInIndex = 0; path = "Space Notifir.app"; sourceTree = BUILT_PRODUCTS_DIR; };
		A0E0AC2E1A1294B800075941 /* Info.plist */ = {isa = PBXFileReference; lastKnownFileType = text.plist.xml; path = Info.plist; sourceTree = "<group>"; };
		A0E0AC2F1A1294B800075941 /* AppDelegate.h */ = {isa = PBXFileReference; lastKnownFileType = sourcecode.c.h; path = AppDelegate.h; sourceTree = "<group>"; };
		A0E0AC301A1294B800075941 /* AppDelegate.m */ = {isa = PBXFileReference; lastKnownFileType = sourcecode.c.objc; path = AppDelegate.m; sourceTree = "<group>"; };
		A0E0AC321A1294B800075941 /* main.m */ = {isa = PBXFileReference; lastKnownFileType = sourcecode.c.objc; path = main.m; sourceTree = "<group>"; };
		A0E0AC341A1294B800075941 /* Images.xcassets */ = {isa = PBXFileReference; lastKnownFileType = folder.assetcatalog; path = Images.xcassets; sourceTree = "<group>"; };
		A0E0AC371A1294B800075941 /* Base */ = {isa = PBXFileReference; lastKnownFileType = file.xib; name = Base; path = Base.lproj/MainMenu.xib; sourceTree = "<group>"; };
		A0E0AC3D1A1294B900075941 /* Space NotifirTests.xctest */ = {isa = PBXFileReference; explicitFileType = wrapper.cfbundle; includeInIndex = 0; path = "Space NotifirTests.xctest"; sourceTree = BUILT_PRODUCTS_DIR; };
		A0E0AC421A1294B900075941 /* Info.plist */ = {isa = PBXFileReference; lastKnownFileType = text.plist.xml; path = Info.plist; sourceTree = "<group>"; };
		A0E0AC431A1294B900075941 /* Space_NotifirTests.m */ = {isa = PBXFileReference; lastKnownFileType = sourcecode.c.objc; path = Space_NotifirTests.m; sourceTree = "<group>"; };
		A0FE4DA41A129B76009DC5D5 /* myWindow.h */ = {isa = PBXFileReference; fileEncoding = 4; lastKnownFileType = sourcecode.c.h; path = myWindow.h; sourceTree = "<group>"; };
		A0FE4DA51A129B76009DC5D5 /* myWindow.m */ = {isa = PBXFileReference; fileEncoding = 4; lastKnownFileType = sourcecode.c.objc; path = myWindow.m; sourceTree = "<group>"; };
/* End PBXFileReference section */

/* Begin PBXFrameworksBuildPhase section */
		A0E0AC271A1294B800075941 /* Frameworks */ = {
			isa = PBXFrameworksBuildPhase;
			buildActionMask = 2147483647;
			files = (
				3AADF04C1A178E400006528F /* libtotalspaces2api.dylib in Frameworks */,
				A08B53811A14D96400906D4A /* Foundation.framework in Frameworks */,
			);
			runOnlyForDeploymentPostprocessing = 0;
		};
		A0E0AC3A1A1294B900075941 /* Frameworks */ = {
			isa = PBXFrameworksBuildPhase;
			buildActionMask = 2147483647;
			files = (
			);
			runOnlyForDeploymentPostprocessing = 0;
		};
/* End PBXFrameworksBuildPhase section */

/* Begin PBXGroup section */
		A0E0AC211A1294B800075941 = {
			isa = PBXGroup;
			children = (
				A08B53801A14D96400906D4A /* Foundation.framework */,
				A0E0AC2C1A1294B800075941 /* Space Notifir */,
				A0E0AC401A1294B900075941 /* Space NotifirTests */,
				A0E0AC2B1A1294B800075941 /* Products */,
				A08B537E1A14D71B00906D4A /* currentSpace */,
			);
			sourceTree = "<group>";
		};
		A0E0AC2B1A1294B800075941 /* Products */ = {
			isa = PBXGroup;
			children = (
				A0E0AC2A1A1294B800075941 /* Space Notifir.app */,
				A0E0AC3D1A1294B900075941 /* Space NotifirTests.xctest */,
			);
			name = Products;
			sourceTree = "<group>";
		};
		A0E0AC2C1A1294B800075941 /* Space Notifir */ = {
			isa = PBXGroup;
			children = (
				A0E0AC2F1A1294B800075941 /* AppDelegate.h */,
				A0E0AC301A1294B800075941 /* AppDelegate.m */,
				3AADF04D1A178E450006528F /* TSLib.h */,
				A08B53771A134A2500906D4A /* IndexSub.h */,
				A08B53781A134A2500906D4A /* IndexSub.m */,
				A0FE4DA41A129B76009DC5D5 /* myWindow.h */,
				A0FE4DA51A129B76009DC5D5 /* myWindow.m */,
				A0E0AC341A1294B800075941 /* Images.xcassets */,
				A0E0AC361A1294B800075941 /* MainMenu.xib */,
				A0E0AC2D1A1294B800075941 /* Supporting Files */,
				A08B53851A1533D900906D4A /* IndexCircleSub.h */,
				A08B53861A1533D900906D4A /* IndexCircleSub.m */,
				A0161A361A1628630074FA47 /* boxSub.h */,
				A0161A371A1628630074FA47 /* boxSub.m */,
			);
			path = "Space Notifir";
			sourceTree = "<group>";
		};
		A0E0AC2D1A1294B800075941 /* Supporting Files */ = {
			isa = PBXGroup;
			children = (
				3AADF04B1A178E400006528F /* libtotalspaces2api.dylib */,
				A0E0AC2E1A1294B800075941 /* Info.plist */,
				A0E0AC321A1294B800075941 /* main.m */,
			);
			name = "Supporting Files";
			sourceTree = "<group>";
		};
		A0E0AC401A1294B900075941 /* Space NotifirTests */ = {
			isa = PBXGroup;
			children = (
				A0E0AC431A1294B900075941 /* Space_NotifirTests.m */,
				A0E0AC411A1294B900075941 /* Supporting Files */,
			);
			path = "Space NotifirTests";
			sourceTree = "<group>";
		};
		A0E0AC411A1294B900075941 /* Supporting Files */ = {
			isa = PBXGroup;
			children = (
				A0E0AC421A1294B900075941 /* Info.plist */,
			);
			name = "Supporting Files";
			sourceTree = "<group>";
		};
/* End PBXGroup section */

/* Begin PBXNativeTarget section */
		A0E0AC291A1294B800075941 /* Space Notifir */ = {
			isa = PBXNativeTarget;
			buildConfigurationList = A0E0AC471A1294B900075941 /* Build configuration list for PBXNativeTarget "Space Notifir" */;
			buildPhases = (
				A0E0AC261A1294B800075941 /* Sources */,
				A0E0AC271A1294B800075941 /* Frameworks */,
				A0E0AC281A1294B800075941 /* Resources */,
				3AADF04E1A178E5A0006528F /* CopyFiles */,
				3AADF0501A178E6B0006528F /* ShellScript */,
			);
			buildRules = (
			);
			dependencies = (
			);
			name = "Space Notifir";
			productName = "Space Notifir";
			productReference = A0E0AC2A1A1294B800075941 /* Space Notifir.app */;
			productType = "com.apple.product-type.application";
		};
		A0E0AC3C1A1294B900075941 /* Space NotifirTests */ = {
			isa = PBXNativeTarget;
			buildConfigurationList = A0E0AC4A1A1294B900075941 /* Build configuration list for PBXNativeTarget "Space NotifirTests" */;
			buildPhases = (
				A0E0AC391A1294B900075941 /* Sources */,
				A0E0AC3A1A1294B900075941 /* Frameworks */,
				A0E0AC3B1A1294B900075941 /* Resources */,
			);
			buildRules = (
			);
			dependencies = (
				A0E0AC3F1A1294B900075941 /* PBXTargetDependency */,
			);
			name = "Space NotifirTests";
			productName = "Space NotifirTests";
			productReference = A0E0AC3D1A1294B900075941 /* Space NotifirTests.xctest */;
			productType = "com.apple.product-type.bundle.unit-test";
		};
/* End PBXNativeTarget section */

/* Begin PBXProject section */
		A0E0AC221A1294B800075941 /* Project object */ = {
			isa = PBXProject;
			attributes = {
				LastUpgradeCheck = 0610;
				ORGANIZATIONNAME = "Serge Sander";
				TargetAttributes = {
					A0E0AC291A1294B800075941 = {
						CreatedOnToolsVersion = 6.1;
					};
					A0E0AC3C1A1294B900075941 = {
						CreatedOnToolsVersion = 6.1;
						TestTargetID = A0E0AC291A1294B800075941;
					};
				};
			};
			buildConfigurationList = A0E0AC251A1294B800075941 /* Build configuration list for PBXProject "SpaceNotifir" */;
			compatibilityVersion = "Xcode 3.2";
			developmentRegion = English;
			hasScannedForEncodings = 0;
			knownRegions = (
				en,
				Base,
			);
			mainGroup = A0E0AC211A1294B800075941;
			productRefGroup = A0E0AC2B1A1294B800075941 /* Products */;
			projectDirPath = "";
			projectRoot = "";
			targets = (
				A0E0AC291A1294B800075941 /* Space Notifir */,
				A0E0AC3C1A1294B900075941 /* Space NotifirTests */,
			);
		};
/* End PBXProject section */

/* Begin PBXResourcesBuildPhase section */
		A0E0AC281A1294B800075941 /* Resources */ = {
			isa = PBXResourcesBuildPhase;
			buildActionMask = 2147483647;
			files = (
				A0E0AC351A1294B800075941 /* Images.xcassets in Resources */,
				A0E0AC381A1294B800075941 /* MainMenu.xib in Resources */,
				A08B537F1A14D71B00906D4A /* currentSpace in Resources */,
			);
			runOnlyForDeploymentPostprocessing = 0;
		};
		A0E0AC3B1A1294B900075941 /* Resources */ = {
			isa = PBXResourcesBuildPhase;
			buildActionMask = 2147483647;
			files = (
			);
			runOnlyForDeploymentPostprocessing = 0;
		};
/* End PBXResourcesBuildPhase section */

/* Begin PBXShellScriptBuildPhase section */
		3AADF0501A178E6B0006528F /* ShellScript */ = {
			isa = PBXShellScriptBuildPhase;
			buildActionMask = 2147483647;
			files = (
			);
			inputPaths = (
			);
			outputPaths = (
			);
			runOnlyForDeploymentPostprocessing = 0;
			shellPath = /bin/sh;
			shellScript = "MYLIBNAME=libtotalspaces2api.dylib\ninstall_name_tool -change /usr/local/lib/$MYLIBNAME @executable_path/../Frameworks/$MYLIBNAME  \"$BUILT_PRODUCTS_DIR/$EXECUTABLE_PATH\"";
		};
/* End PBXShellScriptBuildPhase section */

/* Begin PBXSourcesBuildPhase section */
		A0E0AC261A1294B800075941 /* Sources */ = {
			isa = PBXSourcesBuildPhase;
			buildActionMask = 2147483647;
			files = (
				A08B53871A1533D900906D4A /* IndexCircleSub.m in Sources */,
				A0FE4DA61A129B76009DC5D5 /* myWindow.m in Sources */,
				A0161A381A1628630074FA47 /* boxSub.m in Sources */,
				A0E0AC331A1294B800075941 /* main.m in Sources */,
				A0E0AC311A1294B800075941 /* AppDelegate.m in Sources */,
				A08B53791A134A2500906D4A /* IndexSub.m in Sources */,
			);
			runOnlyForDeploymentPostprocessing = 0;
		};
		A0E0AC391A1294B900075941 /* Sources */ = {
			isa = PBXSourcesBuildPhase;
			buildActionMask = 2147483647;
			files = (
				A0E0AC441A1294B900075941 /* Space_NotifirTests.m in Sources */,
			);
			runOnlyForDeploymentPostprocessing = 0;
		};
/* End PBXSourcesBuildPhase section */

/* Begin PBXTargetDependency section */
		A0E0AC3F1A1294B900075941 /* PBXTargetDependency */ = {
			isa = PBXTargetDependency;
			target = A0E0AC291A1294B800075941 /* Space Notifir */;
			targetProxy = A0E0AC3E1A1294B900075941 /* PBXContainerItemProxy */;
		};
/* End PBXTargetDependency section */

/* Begin PBXVariantGroup section */
		A0E0AC361A1294B800075941 /* MainMenu.xib */ = {
			isa = PBXVariantGroup;
			children = (
				A0E0AC371A1294B800075941 /* Base */,
			);
			name = MainMenu.xib;
			sourceTree = "<group>";
		};
/* End PBXVariantGroup section */

/* Begin XCBuildConfiguration section */
		A0E0AC451A1294B900075941 /* Debug */ = {
			isa = XCBuildConfiguration;
			buildSettings = {
				ALWAYS_SEARCH_USER_PATHS = NO;
				CLANG_CXX_LANGUAGE_STANDARD = "gnu++0x";
				CLANG_CXX_LIBRARY = "libc++";
				CLANG_ENABLE_MODULES = YES;
				CLANG_ENABLE_OBJC_ARC = YES;
				CLANG_WARN_BOOL_CONVERSION = YES;
				CLANG_WARN_CONSTANT_CONVERSION = YES;
				CLANG_WARN_DIRECT_OBJC_ISA_USAGE = YES_ERROR;
				CLANG_WARN_EMPTY_BODY = YES;
				CLANG_WARN_ENUM_CONVERSION = YES;
				CLANG_WARN_INT_CONVERSION = YES;
				CLANG_WARN_OBJC_ROOT_CLASS = YES_ERROR;
				CLANG_WARN_UNREACHABLE_CODE = YES;
				CLANG_WARN__DUPLICATE_METHOD_MATCH = YES;
				CODE_SIGN_IDENTITY = "-";
				COPY_PHASE_STRIP = NO;
				ENABLE_STRICT_OBJC_MSGSEND = YES;
				GCC_C_LANGUAGE_STANDARD = gnu99;
				GCC_DYNAMIC_NO_PIC = NO;
				GCC_OPTIMIZATION_LEVEL = 0;
				GCC_PREPROCESSOR_DEFINITIONS = (
					"DEBUG=1",
					"$(inherited)",
				);
				GCC_SYMBOLS_PRIVATE_EXTERN = NO;
				GCC_WARN_64_TO_32_BIT_CONVERSION = YES;
				GCC_WARN_ABOUT_RETURN_TYPE = YES_ERROR;
				GCC_WARN_UNDECLARED_SELECTOR = YES;
				GCC_WARN_UNINITIALIZED_AUTOS = YES_AGGRESSIVE;
				GCC_WARN_UNUSED_FUNCTION = YES;
				GCC_WARN_UNUSED_VARIABLE = YES;
				MACOSX_DEPLOYMENT_TARGET = 10.10;
				MTL_ENABLE_DEBUG_INFO = YES;
				ONLY_ACTIVE_ARCH = YES;
				SDKROOT = macosx;
			};
			name = Debug;
		};
		A0E0AC461A1294B900075941 /* Release */ = {
			isa = XCBuildConfiguration;
			buildSettings = {
				ALWAYS_SEARCH_USER_PATHS = NO;
				CLANG_CXX_LANGUAGE_STANDARD = "gnu++0x";
				CLANG_CXX_LIBRARY = "libc++";
				CLANG_ENABLE_MODULES = YES;
				CLANG_ENABLE_OBJC_ARC = YES;
				CLANG_WARN_BOOL_CONVERSION = YES;
				CLANG_WARN_CONSTANT_CONVERSION = YES;
				CLANG_WARN_DIRECT_OBJC_ISA_USAGE = YES_ERROR;
				CLANG_WARN_EMPTY_BODY = YES;
				CLANG_WARN_ENUM_CONVERSION = YES;
				CLANG_WARN_INT_CONVERSION = YES;
				CLANG_WARN_OBJC_ROOT_CLASS = YES_ERROR;
				CLANG_WARN_UNREACHABLE_CODE = YES;
				CLANG_WARN__DUPLICATE_METHOD_MATCH = YES;
				CODE_SIGN_IDENTITY = "-";
				COPY_PHASE_STRIP = YES;
				DEBUG_INFORMATION_FORMAT = "dwarf-with-dsym";
				ENABLE_NS_ASSERTIONS = NO;
				ENABLE_STRICT_OBJC_MSGSEND = YES;
				GCC_C_LANGUAGE_STANDARD = gnu99;
				GCC_WARN_64_TO_32_BIT_CONVERSION = YES;
				GCC_WARN_ABOUT_RETURN_TYPE = YES_ERROR;
				GCC_WARN_UNDECLARED_SELECTOR = YES;
				GCC_WARN_UNINITIALIZED_AUTOS = YES_AGGRESSIVE;
				GCC_WARN_UNUSED_FUNCTION = YES;
				GCC_WARN_UNUSED_VARIABLE = YES;
				MACOSX_DEPLOYMENT_TARGET = 10.10;
				MTL_ENABLE_DEBUG_INFO = NO;
				SDKROOT = macosx;
			};
			name = Release;
		};
		A0E0AC481A1294B900075941 /* Debug */ = {
			isa = XCBuildConfiguration;
			buildSettings = {
				ASSETCATALOG_COMPILER_APPICON_NAME = AppIcon;
				COMBINE_HIDPI_IMAGES = YES;
				INFOPLIST_FILE = "Space Notifir/Info.plist";
				LD_RUNPATH_SEARCH_PATHS = "$(inherited) @executable_path/../Frameworks";
				LIBRARY_SEARCH_PATHS = (
					"$(inherited)",
					"$(PROJECT_DIR)/Space\\ Notifir",
				);
				PRODUCT_NAME = "$(TARGET_NAME)";
			};
			name = Debug;
		};
		A0E0AC491A1294B900075941 /* Release */ = {
			isa = XCBuildConfiguration;
			buildSettings = {
				ASSETCATALOG_COMPILER_APPICON_NAME = AppIcon;
				COMBINE_HIDPI_IMAGES = YES;
				INFOPLIST_FILE = "Space Notifir/Info.plist";
				LD_RUNPATH_SEARCH_PATHS = "$(inherited) @executable_path/../Frameworks";
				LIBRARY_SEARCH_PATHS = (
					"$(inherited)",
					"$(PROJECT_DIR)/Space\\ Notifir",
				);
				PRODUCT_NAME = "$(TARGET_NAME)";
			};
			name = Release;
		};
		A0E0AC4B1A1294B900075941 /* Debug */ = {
			isa = XCBuildConfiguration;
			buildSettings = {
				BUNDLE_LOADER = "$(TEST_HOST)";
				COMBINE_HIDPI_IMAGES = YES;
				FRAMEWORK_SEARCH_PATHS = (
					"$(DEVELOPER_FRAMEWORKS_DIR)",
					"$(inherited)",
				);
				GCC_PREPROCESSOR_DEFINITIONS = (
					"DEBUG=1",
					"$(inherited)",
				);
				INFOPLIST_FILE = "Space NotifirTests/Info.plist";
				LD_RUNPATH_SEARCH_PATHS = "$(inherited) @executable_path/../Frameworks @loader_path/../Frameworks";
				PRODUCT_NAME = "$(TARGET_NAME)";
				TEST_HOST = "$(BUILT_PRODUCTS_DIR)/Space Notifir.app/Contents/MacOS/Space Notifir";
			};
			name = Debug;
		};
		A0E0AC4C1A1294B900075941 /* Release */ = {
			isa = XCBuildConfiguration;
			buildSettings = {
				BUNDLE_LOADER = "$(TEST_HOST)";
				COMBINE_HIDPI_IMAGES = YES;
				FRAMEWORK_SEARCH_PATHS = (
					"$(DEVELOPER_FRAMEWORKS_DIR)",
					"$(inherited)",
				);
				INFOPLIST_FILE = "Space NotifirTests/Info.plist";
				LD_RUNPATH_SEARCH_PATHS = "$(inherited) @executable_path/../Frameworks @loader_path/../Frameworks";
				PRODUCT_NAME = "$(TARGET_NAME)";
				TEST_HOST = "$(BUILT_PRODUCTS_DIR)/Space Notifir.app/Contents/MacOS/Space Notifir";
			};
			name = Release;
		};
/* End XCBuildConfiguration section */

/* Begin XCConfigurationList section */
		A0E0AC251A1294B800075941 /* Build configuration list for PBXProject "SpaceNotifir" */ = {
			isa = XCConfigurationList;
			buildConfigurations = (
				A0E0AC451A1294B900075941 /* Debug */,
				A0E0AC461A1294B900075941 /* Release */,
			);
			defaultConfigurationIsVisible = 0;
			defaultConfigurationName = Release;
		};
		A0E0AC471A1294B900075941 /* Build configuration list for PBXNativeTarget "Space Notifir" */ = {
			isa = XCConfigurationList;
			buildConfigurations = (
				A0E0AC481A1294B900075941 /* Debug */,
				A0E0AC491A1294B900075941 /* Release */,
			);
			defaultConfigurationIsVisible = 0;
			defaultConfigurationName = Release;
		};
		A0E0AC4A1A1294B900075941 /* Build configuration list for PBXNativeTarget "Space NotifirTests" */ = {
			isa = XCConfigurationList;
			buildConfigurations = (
				A0E0AC4B1A1294B900075941 /* Debug */,
				A0E0AC4C1A1294B900075941 /* Release */,
			);
			defaultConfigurationIsVisible = 0;
			defaultConfigurationName = Release;
		};
/* End XCConfigurationList section */
	};
	rootObject = A0E0AC221A1294B800075941 /* Project object */;
}
